
Microsoft Visual Studio Solution File, Format Version 12.00
# Visual Studio 15
VisualStudioVersion = 15.0.26430.12
MinimumVisualStudioVersion = 10.0.40219.1
Project("{2150E333-8FDC-42A3-9474-1A3956D46DE8}") = "src", "src", "{2914806F-F84D-44C0-AFC8-60F81C6242F4}"
EndProject
Project("{2150E333-8FDC-42A3-9474-1A3956D46DE8}") = "test", "test", "{FEAAE629-EECE-47EE-A49E-0EE9313AFC4B}"
EndProject
Project("{2150E333-8FDC-42A3-9474-1A3956D46DE8}") = "Clients", "Clients", "{C559F3FA-D22A-41FC-8B70-0F0907966D69}"
EndProject
Project("{2150E333-8FDC-42A3-9474-1A3956D46DE8}") = "Domain", "Domain", "{D3A97822-20F9-4C55-8954-4A61DE5DB02B}"
EndProject
Project("{2150E333-8FDC-42A3-9474-1A3956D46DE8}") = "Infrastructure", "Infrastructure", "{4350E4E7-FA28-412D-B983-5C691881D6DE}"
EndProject
Project("{2150E333-8FDC-42A3-9474-1A3956D46DE8}") = "ClientLibraries", "ClientLibraries", "{05300645-35E8-4219-A0FA-89927A5E06A1}"
EndProject
Project("{2150E333-8FDC-42A3-9474-1A3956D46DE8}") = "Solution Items", "Solution Items", "{CBF44601-6CD0-4ABF-A4F0-E8F3135C39E5}"
	ProjectSection(SolutionItems) = preProject
		NuGet.config = NuGet.config
		README.md = README.md
	EndProjectSection
EndProject
Project("{9A19103F-16F7-4668-BE54-9A1E7A4F7556}") = "TFN.Domain.Architecture", "src\TFN.Domain.Architecture\TFN.Domain.Architecture.csproj", "{7A016719-B700-4CC1-B9A8-1277C9B776D4}"
EndProject
Project("{9A19103F-16F7-4668-BE54-9A1E7A4F7556}") = "TFN.Domain.Models", "src\TFN.Domain.Models\TFN.Domain.Models.csproj", "{B207621B-76E8-458B-A6C1-F052C95A4861}"
EndProject
Project("{9A19103F-16F7-4668-BE54-9A1E7A4F7556}") = "TFN.Domain.Interfaces", "src\TFN.Domain.Interfaces\TFN.Domain.Interfaces.csproj", "{C426026A-14E5-4DAB-9455-0517A3E40042}"
EndProject
Project("{9A19103F-16F7-4668-BE54-9A1E7A4F7556}") = "TFN.Domain.Services", "src\TFN.Domain.Services\TFN.Domain.Services.csproj", "{6B7A933F-82E9-47F0-97C6-C2067D6ADE9B}"
EndProject
Project("{9A19103F-16F7-4668-BE54-9A1E7A4F7556}") = "TFN.Infrastructure.Architecture", "src\TFN.Infrastructure.Architecture\TFN.Infrastructure.Architecture.csproj", "{96010277-6261-49B1-B209-7D9B515ADE52}"
EndProject
Project("{9A19103F-16F7-4668-BE54-9A1E7A4F7556}") = "TFN.Infrastructure.Interfaces", "src\TFN.Infrastructure.Interfaces\TFN.Infrastructure.Interfaces.csproj", "{3FE6C457-80B1-48B4-988C-CA7541C4F96E}"
EndProject
Project("{9A19103F-16F7-4668-BE54-9A1E7A4F7556}") = "TFN.Infrastructure", "src\TFN.Infrastructure\TFN.Infrastructure.csproj", "{38118443-3028-4360-81E5-11640362C80B}"
EndProject
Project("{9A19103F-16F7-4668-BE54-9A1E7A4F7556}") = "TFN.Infrastructure.Audio", "src\TFN.Infrastructure.Audio\TFN.Infrastructure.Audio.csproj", "{04FE076E-0827-42B9-A273-F1D83BB24D6E}"
EndProject
Project("{9A19103F-16F7-4668-BE54-9A1E7A4F7556}") = "TFN.Mvc", "src\TFN.Mvc\TFN.Mvc.csproj", "{B930F5DD-7D54-4400-AA80-D7811B290405}"
EndProject
Project("{9A19103F-16F7-4668-BE54-9A1E7A4F7556}") = "TFN.Api.Authorization", "src\TFN.Api.Authorization\TFN.Api.Authorization.csproj", "{3EDE6AE3-C14A-4A65-B60A-A9E58A3F5B84}"
EndProject
Project("{9A19103F-16F7-4668-BE54-9A1E7A4F7556}") = "TFN.Resolution", "src\TFN.Resolution\TFN.Resolution.csproj", "{2F36C5F2-BA88-454E-83AD-3BFDA86C9EAD}"
EndProject
Project("{9A19103F-16F7-4668-BE54-9A1E7A4F7556}") = "TFN.Sts", "src\TFN.Sts\TFN.Sts.csproj", "{6024E12C-F394-4BDF-A624-262A47B9A5D6}"
EndProject
Project("{9A19103F-16F7-4668-BE54-9A1E7A4F7556}") = "TFN.Api", "src\TFN.Api\TFN.Api.csproj", "{07CB9FF1-7DEA-4E5E-82EC-1DB4C0D99943}"
EndProject
Project("{9A19103F-16F7-4668-BE54-9A1E7A4F7556}") = "TFN.UnitTests", "test\TFN.UnitTests\TFN.UnitTests.csproj", "{9B1894E3-48F6-43ED-9445-367A8547145A}"
EndProject
Project("{FAE04EC0-301F-11D3-BF4B-00C04F79EFBC}") = "TFN.StaticData", "src\TFN.StaticData\TFN.StaticData.csproj", "{7AE6AE2B-7DAD-4946-A2B6-7B37E3D587AB}"
EndProject
Global
	GlobalSection(SolutionConfigurationPlatforms) = preSolution
		Debug|Any CPU = Debug|Any CPU
		Release|Any CPU = Release|Any CPU
	EndGlobalSection
	GlobalSection(ProjectConfigurationPlatforms) = postSolution
		{7A016719-B700-4CC1-B9A8-1277C9B776D4}.Debug|Any CPU.ActiveCfg = Debug|Any CPU
		{7A016719-B700-4CC1-B9A8-1277C9B776D4}.Debug|Any CPU.Build.0 = Debug|Any CPU
		{7A016719-B700-4CC1-B9A8-1277C9B776D4}.Release|Any CPU.ActiveCfg = Release|Any CPU
		{7A016719-B700-4CC1-B9A8-1277C9B776D4}.Release|Any CPU.Build.0 = Release|Any CPU
		{B207621B-76E8-458B-A6C1-F052C95A4861}.Debug|Any CPU.ActiveCfg = Debug|Any CPU
		{B207621B-76E8-458B-A6C1-F052C95A4861}.Debug|Any CPU.Build.0 = Debug|Any CPU
		{B207621B-76E8-458B-A6C1-F052C95A4861}.Release|Any CPU.ActiveCfg = Release|Any CPU
		{B207621B-76E8-458B-A6C1-F052C95A4861}.Release|Any CPU.Build.0 = Release|Any CPU
		{C426026A-14E5-4DAB-9455-0517A3E40042}.Debug|Any CPU.ActiveCfg = Debug|Any CPU
		{C426026A-14E5-4DAB-9455-0517A3E40042}.Debug|Any CPU.Build.0 = Debug|Any CPU
		{C426026A-14E5-4DAB-9455-0517A3E40042}.Release|Any CPU.ActiveCfg = Release|Any CPU
		{C426026A-14E5-4DAB-9455-0517A3E40042}.Release|Any CPU.Build.0 = Release|Any CPU
		{6B7A933F-82E9-47F0-97C6-C2067D6ADE9B}.Debug|Any CPU.ActiveCfg = Debug|Any CPU
		{6B7A933F-82E9-47F0-97C6-C2067D6ADE9B}.Debug|Any CPU.Build.0 = Debug|Any CPU
		{6B7A933F-82E9-47F0-97C6-C2067D6ADE9B}.Release|Any CPU.ActiveCfg = Release|Any CPU
		{6B7A933F-82E9-47F0-97C6-C2067D6ADE9B}.Release|Any CPU.Build.0 = Release|Any CPU
		{96010277-6261-49B1-B209-7D9B515ADE52}.Debug|Any CPU.ActiveCfg = Debug|Any CPU
		{96010277-6261-49B1-B209-7D9B515ADE52}.Debug|Any CPU.Build.0 = Debug|Any CPU
		{96010277-6261-49B1-B209-7D9B515ADE52}.Release|Any CPU.ActiveCfg = Release|Any CPU
		{96010277-6261-49B1-B209-7D9B515ADE52}.Release|Any CPU.Build.0 = Release|Any CPU
		{3FE6C457-80B1-48B4-988C-CA7541C4F96E}.Debug|Any CPU.ActiveCfg = Debug|Any CPU
		{3FE6C457-80B1-48B4-988C-CA7541C4F96E}.Debug|Any CPU.Build.0 = Debug|Any CPU
		{3FE6C457-80B1-48B4-988C-CA7541C4F96E}.Release|Any CPU.ActiveCfg = Release|Any CPU
		{3FE6C457-80B1-48B4-988C-CA7541C4F96E}.Release|Any CPU.Build.0 = Release|Any CPU
		{38118443-3028-4360-81E5-11640362C80B}.Debug|Any CPU.ActiveCfg = Debug|Any CPU
		{38118443-3028-4360-81E5-11640362C80B}.Debug|Any CPU.Build.0 = Debug|Any CPU
		{38118443-3028-4360-81E5-11640362C80B}.Release|Any CPU.ActiveCfg = Release|Any CPU
		{38118443-3028-4360-81E5-11640362C80B}.Release|Any CPU.Build.0 = Release|Any CPU
		{04FE076E-0827-42B9-A273-F1D83BB24D6E}.Debug|Any CPU.ActiveCfg = Debug|Any CPU
		{04FE076E-0827-42B9-A273-F1D83BB24D6E}.Debug|Any CPU.Build.0 = Debug|Any CPU
		{04FE076E-0827-42B9-A273-F1D83BB24D6E}.Release|Any CPU.ActiveCfg = Release|Any CPU
		{04FE076E-0827-42B9-A273-F1D83BB24D6E}.Release|Any CPU.Build.0 = Release|Any CPU
		{B930F5DD-7D54-4400-AA80-D7811B290405}.Debug|Any CPU.ActiveCfg = Debug|Any CPU
		{B930F5DD-7D54-4400-AA80-D7811B290405}.Debug|Any CPU.Build.0 = Debug|Any CPU
		{B930F5DD-7D54-4400-AA80-D7811B290405}.Release|Any CPU.ActiveCfg = Release|Any CPU
		{B930F5DD-7D54-4400-AA80-D7811B290405}.Release|Any CPU.Build.0 = Release|Any CPU
		{3EDE6AE3-C14A-4A65-B60A-A9E58A3F5B84}.Debug|Any CPU.ActiveCfg = Debug|Any CPU
		{3EDE6AE3-C14A-4A65-B60A-A9E58A3F5B84}.Debug|Any CPU.Build.0 = Debug|Any CPU
		{3EDE6AE3-C14A-4A65-B60A-A9E58A3F5B84}.Release|Any CPU.ActiveCfg = Release|Any CPU
		{3EDE6AE3-C14A-4A65-B60A-A9E58A3F5B84}.Release|Any CPU.Build.0 = Release|Any CPU
		{2F36C5F2-BA88-454E-83AD-3BFDA86C9EAD}.Debug|Any CPU.ActiveCfg = Debug|Any CPU
		{2F36C5F2-BA88-454E-83AD-3BFDA86C9EAD}.Debug|Any CPU.Build.0 = Debug|Any CPU
		{2F36C5F2-BA88-454E-83AD-3BFDA86C9EAD}.Release|Any CPU.ActiveCfg = Release|Any CPU
		{2F36C5F2-BA88-454E-83AD-3BFDA86C9EAD}.Release|Any CPU.Build.0 = Release|Any CPU
		{6024E12C-F394-4BDF-A624-262A47B9A5D6}.Debug|Any CPU.ActiveCfg = Debug|Any CPU
		{6024E12C-F394-4BDF-A624-262A47B9A5D6}.Debug|Any CPU.Build.0 = Debug|Any CPU
		{6024E12C-F394-4BDF-A624-262A47B9A5D6}.Release|Any CPU.ActiveCfg = Release|Any CPU
		{6024E12C-F394-4BDF-A624-262A47B9A5D6}.Release|Any CPU.Build.0 = Release|Any CPU
		{07CB9FF1-7DEA-4E5E-82EC-1DB4C0D99943}.Debug|Any CPU.ActiveCfg = Debug|Any CPU
		{07CB9FF1-7DEA-4E5E-82EC-1DB4C0D99943}.Debug|Any CPU.Build.0 = Debug|Any CPU
		{07CB9FF1-7DEA-4E5E-82EC-1DB4C0D99943}.Release|Any CPU.ActiveCfg = Release|Any CPU
		{07CB9FF1-7DEA-4E5E-82EC-1DB4C0D99943}.Release|Any CPU.Build.0 = Release|Any CPU
		{9B1894E3-48F6-43ED-9445-367A8547145A}.Debug|Any CPU.ActiveCfg = Debug|Any CPU
		{9B1894E3-48F6-43ED-9445-367A8547145A}.Debug|Any CPU.Build.0 = Debug|Any CPU
		{9B1894E3-48F6-43ED-9445-367A8547145A}.Release|Any CPU.ActiveCfg = Release|Any CPU
		{9B1894E3-48F6-43ED-9445-367A8547145A}.Release|Any CPU.Build.0 = Release|Any CPU
		{7AE6AE2B-7DAD-4946-A2B6-7B37E3D587AB}.Debug|Any CPU.ActiveCfg = Debug|Any CPU
		{7AE6AE2B-7DAD-4946-A2B6-7B37E3D587AB}.Debug|Any CPU.Build.0 = Debug|Any CPU
		{7AE6AE2B-7DAD-4946-A2B6-7B37E3D587AB}.Release|Any CPU.ActiveCfg = Release|Any CPU
		{7AE6AE2B-7DAD-4946-A2B6-7B37E3D587AB}.Release|Any CPU.Build.0 = Release|Any CPU
	EndGlobalSection
	GlobalSection(SolutionProperties) = preSolution
		HideSolutionNode = FALSE
	EndGlobalSection
	GlobalSection(NestedProjects) = preSolution
		{C559F3FA-D22A-41FC-8B70-0F0907966D69} = {2914806F-F84D-44C0-AFC8-60F81C6242F4}
		{D3A97822-20F9-4C55-8954-4A61DE5DB02B} = {2914806F-F84D-44C0-AFC8-60F81C6242F4}
		{4350E4E7-FA28-412D-B983-5C691881D6DE} = {2914806F-F84D-44C0-AFC8-60F81C6242F4}
		{05300645-35E8-4219-A0FA-89927A5E06A1} = {C559F3FA-D22A-41FC-8B70-0F0907966D69}
		{7A016719-B700-4CC1-B9A8-1277C9B776D4} = {D3A97822-20F9-4C55-8954-4A61DE5DB02B}
		{B207621B-76E8-458B-A6C1-F052C95A4861} = {D3A97822-20F9-4C55-8954-4A61DE5DB02B}
		{C426026A-14E5-4DAB-9455-0517A3E40042} = {D3A97822-20F9-4C55-8954-4A61DE5DB02B}
		{6B7A933F-82E9-47F0-97C6-C2067D6ADE9B} = {D3A97822-20F9-4C55-8954-4A61DE5DB02B}
		{96010277-6261-49B1-B209-7D9B515ADE52} = {4350E4E7-FA28-412D-B983-5C691881D6DE}
		{3FE6C457-80B1-48B4-988C-CA7541C4F96E} = {4350E4E7-FA28-412D-B983-5C691881D6DE}
		{38118443-3028-4360-81E5-11640362C80B} = {4350E4E7-FA28-412D-B983-5C691881D6DE}
		{04FE076E-0827-42B9-A273-F1D83BB24D6E} = {4350E4E7-FA28-412D-B983-5C691881D6DE}
		{B930F5DD-7D54-4400-AA80-D7811B290405} = {05300645-35E8-4219-A0FA-89927A5E06A1}
		{3EDE6AE3-C14A-4A65-B60A-A9E58A3F5B84} = {05300645-35E8-4219-A0FA-89927A5E06A1}
		{2F36C5F2-BA88-454E-83AD-3BFDA86C9EAD} = {4350E4E7-FA28-412D-B983-5C691881D6DE}
		{6024E12C-F394-4BDF-A624-262A47B9A5D6} = {C559F3FA-D22A-41FC-8B70-0F0907966D69}
		{07CB9FF1-7DEA-4E5E-82EC-1DB4C0D99943} = {C559F3FA-D22A-41FC-8B70-0F0907966D69}
		{9B1894E3-48F6-43ED-9445-367A8547145A} = {FEAAE629-EECE-47EE-A49E-0EE9313AFC4B}
		{7AE6AE2B-7DAD-4946-A2B6-7B37E3D587AB} = {4350E4E7-FA28-412D-B983-5C691881D6DE}
	EndGlobalSection
EndGlobal
